
Microsoft Visual Studio Solution File, Format Version 12.00
# Visual Studio Version 17
VisualStudioVersion = 17.5.002.0
MinimumVisualStudioVersion = 10.0.40219.1
Project("{9A19103F-16F7-4668-BE54-9A1E7A4F7556}") = "TheaterAdmin", "TheaterAdmin.csproj", "{A07A0040-8E85-4B35-B6B0-C1E560DBCB08}"
EndProject
Global
	GlobalSection(SolutionConfigurationPlatforms) = preSolution
		Debug|Any CPU = Debug|Any CPU
		Release|Any CPU = Release|Any CPU
	EndGlobalSection
	GlobalSection(ProjectConfigurationPlatforms) = postSolution
		{A07A0040-8E85-4B35-B6B0-C1E560DBCB08}.Debug|Any CPU.ActiveCfg = Debug|Any CPU
		{A07A0040-8E85-4B35-B6B0-C1E560DBCB08}.Debug|Any CPU.Build.0 = Debug|Any CPU
		{A07A0040-8E85-4B35-B6B0-C1E560DBCB08}.Release|Any CPU.ActiveCfg = Release|Any CPU
		{A07A0040-8E85-4B35-B6B0-C1E560DBCB08}.Release|Any CPU.Build.0 = Release|Any CPU
	EndGlobalSection
	GlobalSection(SolutionProperties) = preSolution
		HideSolutionNode = FALSE
	EndGlobalSection
	GlobalSection(ExtensibilityGlobals) = postSolution
		SolutionGuid = {20B5C5FA-0FB1-4546-83C9-EABFD9123801}
	EndGlobalSection
EndGlobal
